
Microsoft Visual Studio Solution File, Format Version 12.00
# Visual Studio Version 16
VisualStudioVersion = 16.0.31911.196
MinimumVisualStudioVersion = 10.0.40219.1
Project("{9A19103F-16F7-4668-BE54-9A1E7A4F7556}") = "GrowthBook", "GrowthBook\GrowthBook.csproj", "{EB2E6969-D39E-4093-B267-826226DE50DC}"
EndProject
Project("{FAE04EC0-301F-11D3-BF4B-00C04F79EFBC}") = "Growthbook.Tests", "Test\Growthbook.Tests.csproj", "{649FDBB7-2442-4DF5-B493-401D2ECF527D}"
EndProject
Global
	GlobalSection(SolutionConfigurationPlatforms) = preSolution
		Debug|Any CPU = Debug|Any CPU
		Release|Any CPU = Release|Any CPU
	EndGlobalSection
	GlobalSection(ProjectConfigurationPlatforms) = postSolution
		{EB2E6969-D39E-4093-B267-826226DE50DC}.Debug|Any CPU.ActiveCfg = Debug|Any CPU
		{EB2E6969-D39E-4093-B267-826226DE50DC}.Debug|Any CPU.Build.0 = Debug|Any CPU
		{EB2E6969-D39E-4093-B267-826226DE50DC}.Release|Any CPU.ActiveCfg = Release|Any CPU
		{EB2E6969-D39E-4093-B267-826226DE50DC}.Release|Any CPU.Build.0 = Release|Any CPU
		{649FDBB7-2442-4DF5-B493-401D2ECF527D}.Debug|Any CPU.ActiveCfg = Debug|Any CPU
		{649FDBB7-2442-4DF5-B493-401D2ECF527D}.Debug|Any CPU.Build.0 = Debug|Any CPU
		{649FDBB7-2442-4DF5-B493-401D2ECF527D}.Release|Any CPU.ActiveCfg = Release|Any CPU
		{649FDBB7-2442-4DF5-B493-401D2ECF527D}.Release|Any CPU.Build.0 = Release|Any CPU
	EndGlobalSection
	GlobalSection(SolutionProperties) = preSolution
		HideSolutionNode = FALSE
	EndGlobalSection
	GlobalSection(ExtensibilityGlobals) = postSolution
		SolutionGuid = {F46C3818-49DC-40A7-8815-1560FEA9B1B2}
	EndGlobalSection
EndGlobal
